
Microsoft Visual Studio Solution File, Format Version 12.00
# Visual Studio Version 16
VisualStudioVersion = 16.0.31005.135
MinimumVisualStudioVersion = 10.0.40219.1
Project("{FAE04EC0-301F-11D3-BF4B-00C04F79EFBC}") = "urfu_combinatorial_algorithms", "urfu_combinatorial_algorithms.csproj", "{B1507FD3-105A-4F74-AA6D-52D49963F101}"
EndProject
Project("{FAE04EC0-301F-11D3-BF4B-00C04F79EFBC}") = "FluentApi.Graph", "..\..\OOP2_Ulearn\9_1\FluentApi.Graph.csproj", "{B4086346-F1C5-4D4B-9111-5FEF66DDBEE0}"
EndProject
Global
	GlobalSection(SolutionConfigurationPlatforms) = preSolution
		Debug|Any CPU = Debug|Any CPU
		Release|Any CPU = Release|Any CPU
	EndGlobalSection
	GlobalSection(ProjectConfigurationPlatforms) = postSolution
		{B1507FD3-105A-4F74-AA6D-52D49963F101}.Debug|Any CPU.ActiveCfg = Debug|Any CPU
		{B1507FD3-105A-4F74-AA6D-52D49963F101}.Debug|Any CPU.Build.0 = Debug|Any CPU
		{B1507FD3-105A-4F74-AA6D-52D49963F101}.Release|Any CPU.ActiveCfg = Release|Any CPU
		{B1507FD3-105A-4F74-AA6D-52D49963F101}.Release|Any CPU.Build.0 = Release|Any CPU
		{B4086346-F1C5-4D4B-9111-5FEF66DDBEE0}.Debug|Any CPU.ActiveCfg = Debug|Any CPU
		{B4086346-F1C5-4D4B-9111-5FEF66DDBEE0}.Debug|Any CPU.Build.0 = Debug|Any CPU
		{B4086346-F1C5-4D4B-9111-5FEF66DDBEE0}.Release|Any CPU.ActiveCfg = Release|Any CPU
		{B4086346-F1C5-4D4B-9111-5FEF66DDBEE0}.Release|Any CPU.Build.0 = Release|Any CPU
	EndGlobalSection
	GlobalSection(SolutionProperties) = preSolution
		HideSolutionNode = FALSE
	EndGlobalSection
	GlobalSection(ExtensibilityGlobals) = postSolution
		SolutionGuid = {795D7213-E745-4764-BAD9-2AEBBD4C59F7}
	EndGlobalSection
EndGlobal
